
Microsoft Visual Studio Solution File, Format Version 12.00
# Visual Studio Version 16
VisualStudioVersion = 16.0.30011.22
MinimumVisualStudioVersion = 10.0.40219.1
Project("{FAE04EC0-301F-11D3-BF4B-00C04F79EFBC}") = "WarCardGame", "WarCardGame\WarCardGame.csproj", "{0788DC08-4741-412C-B442-6BF8AE9685E2}"
EndProject
Global
	GlobalSection(SolutionConfigurationPlatforms) = preSolution
		Debug|Any CPU = Debug|Any CPU
		Release|Any CPU = Release|Any CPU
	EndGlobalSection
	GlobalSection(ProjectConfigurationPlatforms) = postSolution
		{0788DC08-4741-412C-B442-6BF8AE9685E2}.Debug|Any CPU.ActiveCfg = Debug|Any CPU
		{0788DC08-4741-412C-B442-6BF8AE9685E2}.Debug|Any CPU.Build.0 = Debug|Any CPU
		{0788DC08-4741-412C-B442-6BF8AE9685E2}.Release|Any CPU.ActiveCfg = Release|Any CPU
		{0788DC08-4741-412C-B442-6BF8AE9685E2}.Release|Any CPU.Build.0 = Release|Any CPU
	EndGlobalSection
	GlobalSection(SolutionProperties) = preSolution
		HideSolutionNode = FALSE
	EndGlobalSection
	GlobalSection(ExtensibilityGlobals) = postSolution
		SolutionGuid = {375AB7D5-B885-4DA7-AFD4-E57611498E34}
	EndGlobalSection
EndGlobal
